
Microsoft Visual Studio Solution File, Format Version 12.00
# Visual Studio Version 17
VisualStudioVersion = 17.1.32421.90
MinimumVisualStudioVersion = 10.0.40219.1
Project("{FAE04EC0-301F-11D3-BF4B-00C04F79EFBC}") = "SeleniumCSharpPracticeProject", "SeleniumCSharpPracticeProject\SeleniumCSharpPracticeProject.csproj", "{71871AA7-263C-4A69-8EEC-97F32000385D}"
EndProject
Global
	GlobalSection(SolutionConfigurationPlatforms) = preSolution
		Debug|Any CPU = Debug|Any CPU
		Release|Any CPU = Release|Any CPU
	EndGlobalSection
	GlobalSection(ProjectConfigurationPlatforms) = postSolution
		{71871AA7-263C-4A69-8EEC-97F32000385D}.Debug|Any CPU.ActiveCfg = Debug|Any CPU
		{71871AA7-263C-4A69-8EEC-97F32000385D}.Debug|Any CPU.Build.0 = Debug|Any CPU
		{71871AA7-263C-4A69-8EEC-97F32000385D}.Release|Any CPU.ActiveCfg = Release|Any CPU
		{71871AA7-263C-4A69-8EEC-97F32000385D}.Release|Any CPU.Build.0 = Release|Any CPU
	EndGlobalSection
	GlobalSection(SolutionProperties) = preSolution
		HideSolutionNode = FALSE
	EndGlobalSection
	GlobalSection(ExtensibilityGlobals) = postSolution
		SolutionGuid = {894ECC19-3454-48EC-9FA9-81BB10AF569A}
	EndGlobalSection
EndGlobal
